
Microsoft Visual Studio Solution File, Format Version 12.00
# Visual Studio 15
VisualStudioVersion = 15.0.27703.2000
MinimumVisualStudioVersion = 10.0.40219.1
Project("{FAE04EC0-301F-11D3-BF4B-00C04F79EFBC}") = "AwsCredentialsConfigurationBuilderExtension", "AwsCredentialsConfigurationBuilderExtension\AwsCredentialsConfigurationBuilderExtension.csproj", "{FE4DBD6B-AE36-4AB4-8701-4493A5BEF39A}"
EndProject
Project("{FAE04EC0-301F-11D3-BF4B-00C04F79EFBC}") = "AwsCredentialsConfigurationBuilderExtension.Tests", "AwsCredentialsConfigurationBuilderExtension.Tests\AwsCredentialsConfigurationBuilderExtension.Tests.csproj", "{FC1ABC76-6FE8-42A5-86C7-C4814AD76D85}"
EndProject
Global
	GlobalSection(SolutionConfigurationPlatforms) = preSolution
		Debug|Any CPU = Debug|Any CPU
		Release|Any CPU = Release|Any CPU
	EndGlobalSection
	GlobalSection(ProjectConfigurationPlatforms) = postSolution
		{FE4DBD6B-AE36-4AB4-8701-4493A5BEF39A}.Debug|Any CPU.ActiveCfg = Debug|Any CPU
		{FE4DBD6B-AE36-4AB4-8701-4493A5BEF39A}.Debug|Any CPU.Build.0 = Debug|Any CPU
		{FE4DBD6B-AE36-4AB4-8701-4493A5BEF39A}.Release|Any CPU.ActiveCfg = Release|Any CPU
		{FE4DBD6B-AE36-4AB4-8701-4493A5BEF39A}.Release|Any CPU.Build.0 = Release|Any CPU
		{FC1ABC76-6FE8-42A5-86C7-C4814AD76D85}.Debug|Any CPU.ActiveCfg = Debug|Any CPU
		{FC1ABC76-6FE8-42A5-86C7-C4814AD76D85}.Debug|Any CPU.Build.0 = Debug|Any CPU
		{FC1ABC76-6FE8-42A5-86C7-C4814AD76D85}.Release|Any CPU.ActiveCfg = Release|Any CPU
		{FC1ABC76-6FE8-42A5-86C7-C4814AD76D85}.Release|Any CPU.Build.0 = Release|Any CPU
	EndGlobalSection
	GlobalSection(SolutionProperties) = preSolution
		HideSolutionNode = FALSE
	EndGlobalSection
	GlobalSection(ExtensibilityGlobals) = postSolution
		SolutionGuid = {63380EFB-3E09-4620-A72C-028187647A11}
	EndGlobalSection
EndGlobal
